
Microsoft Visual Studio Solution File, Format Version 12.00
# Visual Studio Version 16
VisualStudioVersion = 16.0.29209.62
MinimumVisualStudioVersion = 10.0.40219.1
Project("{FAE04EC0-301F-11D3-BF4B-00C04F79EFBC}") = "scoping", "scooping\scoping.csproj", "{B021742F-DEF6-4BD8-B8B8-4E26D738ACA3}"
EndProject
Global
	GlobalSection(SolutionConfigurationPlatforms) = preSolution
		Debug|Any CPU = Debug|Any CPU
		Release|Any CPU = Release|Any CPU
	EndGlobalSection
	GlobalSection(ProjectConfigurationPlatforms) = postSolution
		{B021742F-DEF6-4BD8-B8B8-4E26D738ACA3}.Debug|Any CPU.ActiveCfg = Debug|Any CPU
		{B021742F-DEF6-4BD8-B8B8-4E26D738ACA3}.Debug|Any CPU.Build.0 = Debug|Any CPU
		{B021742F-DEF6-4BD8-B8B8-4E26D738ACA3}.Release|Any CPU.ActiveCfg = Release|Any CPU
		{B021742F-DEF6-4BD8-B8B8-4E26D738ACA3}.Release|Any CPU.Build.0 = Release|Any CPU
	EndGlobalSection
	GlobalSection(SolutionProperties) = preSolution
		HideSolutionNode = FALSE
	EndGlobalSection
	GlobalSection(ExtensibilityGlobals) = postSolution
		SolutionGuid = {48ACBC26-EDFB-46C5-BF18-22D53828A68F}
	EndGlobalSection
EndGlobal
