
Microsoft Visual Studio Solution File, Format Version 12.00
# Visual Studio Version 16
VisualStudioVersion = 16.0.29209.62
MinimumVisualStudioVersion = 10.0.40219.1
Project("{FAE04EC0-301F-11D3-BF4B-00C04F79EFBC}") = "methods", "methods\methods.csproj", "{38D980B1-0AB4-47CF-B005-30170F92CF34}"
EndProject
Global
	GlobalSection(SolutionConfigurationPlatforms) = preSolution
		Debug|Any CPU = Debug|Any CPU
		Release|Any CPU = Release|Any CPU
	EndGlobalSection
	GlobalSection(ProjectConfigurationPlatforms) = postSolution
		{38D980B1-0AB4-47CF-B005-30170F92CF34}.Debug|Any CPU.ActiveCfg = Debug|Any CPU
		{38D980B1-0AB4-47CF-B005-30170F92CF34}.Debug|Any CPU.Build.0 = Debug|Any CPU
		{38D980B1-0AB4-47CF-B005-30170F92CF34}.Release|Any CPU.ActiveCfg = Release|Any CPU
		{38D980B1-0AB4-47CF-B005-30170F92CF34}.Release|Any CPU.Build.0 = Release|Any CPU
	EndGlobalSection
	GlobalSection(SolutionProperties) = preSolution
		HideSolutionNode = FALSE
	EndGlobalSection
	GlobalSection(ExtensibilityGlobals) = postSolution
		SolutionGuid = {42A86FFF-87F3-47BE-96B2-9E9178530532}
	EndGlobalSection
EndGlobal
